
Microsoft Visual Studio Solution File, Format Version 12.00
# Visual Studio Version 17
VisualStudioVersion = 17.5.002.0
MinimumVisualStudioVersion = 10.0.40219.1
Project("{9A19103F-16F7-4668-BE54-9A1E7A4F7556}") = "FoodSalesApi", "FoodSalesApi\FoodSalesApi.csproj", "{8FA4D0AA-B327-4B2A-81D4-65BC994F375C}"
EndProject
Project("{9A19103F-16F7-4668-BE54-9A1E7A4F7556}") = "FoodSalesApp", "FoodSalesApp\FoodSalesApp.csproj", "{C4ECE46A-59CE-4BE4-8D24-C538B855347F}"
EndProject
Global
	GlobalSection(SolutionConfigurationPlatforms) = preSolution
		Debug|Any CPU = Debug|Any CPU
		Release|Any CPU = Release|Any CPU
	EndGlobalSection
	GlobalSection(ProjectConfigurationPlatforms) = postSolution
		{8FA4D0AA-B327-4B2A-81D4-65BC994F375C}.Debug|Any CPU.ActiveCfg = Debug|Any CPU
		{8FA4D0AA-B327-4B2A-81D4-65BC994F375C}.Debug|Any CPU.Build.0 = Debug|Any CPU
		{8FA4D0AA-B327-4B2A-81D4-65BC994F375C}.Release|Any CPU.ActiveCfg = Release|Any CPU
		{8FA4D0AA-B327-4B2A-81D4-65BC994F375C}.Release|Any CPU.Build.0 = Release|Any CPU
		{C4ECE46A-59CE-4BE4-8D24-C538B855347F}.Debug|Any CPU.ActiveCfg = Debug|Any CPU
		{C4ECE46A-59CE-4BE4-8D24-C538B855347F}.Debug|Any CPU.Build.0 = Debug|Any CPU
		{C4ECE46A-59CE-4BE4-8D24-C538B855347F}.Release|Any CPU.ActiveCfg = Release|Any CPU
		{C4ECE46A-59CE-4BE4-8D24-C538B855347F}.Release|Any CPU.Build.0 = Release|Any CPU
	EndGlobalSection
	GlobalSection(SolutionProperties) = preSolution
		HideSolutionNode = FALSE
	EndGlobalSection
	GlobalSection(ExtensibilityGlobals) = postSolution
		SolutionGuid = {26723993-657D-4C6F-8B20-637416F53478}
	EndGlobalSection
EndGlobal
